
Microsoft Visual Studio Solution File, Format Version 12.00
# Visual Studio Version 17
VisualStudioVersion = 17.4.33205.214
MinimumVisualStudioVersion = 10.0.40219.1
Project("{9A19103F-16F7-4668-BE54-9A1E7A4F7556}") = "BulkyBookWeb", "BulkyBookWeb\BulkyBookWeb.csproj", "{B29D01E8-BE43-424D-B42D-3DD3A4879052}"
EndProject
Global
	GlobalSection(SolutionConfigurationPlatforms) = preSolution
		Debug|Any CPU = Debug|Any CPU
		Release|Any CPU = Release|Any CPU
	EndGlobalSection
	GlobalSection(ProjectConfigurationPlatforms) = postSolution
		{B29D01E8-BE43-424D-B42D-3DD3A4879052}.Debug|Any CPU.ActiveCfg = Debug|Any CPU
		{B29D01E8-BE43-424D-B42D-3DD3A4879052}.Debug|Any CPU.Build.0 = Debug|Any CPU
		{B29D01E8-BE43-424D-B42D-3DD3A4879052}.Release|Any CPU.ActiveCfg = Release|Any CPU
		{B29D01E8-BE43-424D-B42D-3DD3A4879052}.Release|Any CPU.Build.0 = Release|Any CPU
	EndGlobalSection
	GlobalSection(SolutionProperties) = preSolution
		HideSolutionNode = FALSE
	EndGlobalSection
	GlobalSection(ExtensibilityGlobals) = postSolution
		SolutionGuid = {5B50276C-1140-4EE4-85C7-E4F6A1C0885A}
	EndGlobalSection
EndGlobal
